
Microsoft Visual Studio Solution File, Format Version 12.00
Project("{FAE04EC0-301F-11D3-BF4B-00C04F79EFBC}") = "Lily", "Lily\Lily.csproj", "{24DE39B1-4143-4BDC-8FBB-61FC31DA2E30}"
EndProject
Project("{FAE04EC0-301F-11D3-BF4B-00C04F79EFBC}") = "Lily.Bootstrap", "Lily.Bootstrap\Lily.Bootstrap.csproj", "{D1C394EA-4893-4638-8B16-7796EE288E94}"
EndProject
Global
	GlobalSection(SolutionConfigurationPlatforms) = preSolution
		Debug|Any CPU = Debug|Any CPU
		Release|Any CPU = Release|Any CPU
	EndGlobalSection
	GlobalSection(ProjectConfigurationPlatforms) = postSolution
		{24DE39B1-4143-4BDC-8FBB-61FC31DA2E30}.Debug|Any CPU.ActiveCfg = Debug|Any CPU
		{24DE39B1-4143-4BDC-8FBB-61FC31DA2E30}.Debug|Any CPU.Build.0 = Debug|Any CPU
		{24DE39B1-4143-4BDC-8FBB-61FC31DA2E30}.Release|Any CPU.ActiveCfg = Release|Any CPU
		{24DE39B1-4143-4BDC-8FBB-61FC31DA2E30}.Release|Any CPU.Build.0 = Release|Any CPU
		{D1C394EA-4893-4638-8B16-7796EE288E94}.Debug|Any CPU.ActiveCfg = Debug|Any CPU
		{D1C394EA-4893-4638-8B16-7796EE288E94}.Debug|Any CPU.Build.0 = Debug|Any CPU
		{D1C394EA-4893-4638-8B16-7796EE288E94}.Release|Any CPU.ActiveCfg = Release|Any CPU
		{D1C394EA-4893-4638-8B16-7796EE288E94}.Release|Any CPU.Build.0 = Release|Any CPU
	EndGlobalSection
EndGlobal
